
Microsoft Visual Studio Solution File, Format Version 12.00
# Visual Studio 15
VisualStudioVersion = 15.0.28307.705
MinimumVisualStudioVersion = 10.0.40219.1
Project("{FAE04EC0-301F-11D3-BF4B-00C04F79EFBC}") = "xsxxglxt", "xsxxglxt\xsxxglxt.csproj", "{F5C966B0-784E-43B5-8A3B-F01CCF8FDC41}"
EndProject
Global
	GlobalSection(SolutionConfigurationPlatforms) = preSolution
		Debug|Any CPU = Debug|Any CPU
		Release|Any CPU = Release|Any CPU
	EndGlobalSection
	GlobalSection(ProjectConfigurationPlatforms) = postSolution
		{F5C966B0-784E-43B5-8A3B-F01CCF8FDC41}.Debug|Any CPU.ActiveCfg = Debug|Any CPU
		{F5C966B0-784E-43B5-8A3B-F01CCF8FDC41}.Debug|Any CPU.Build.0 = Debug|Any CPU
		{F5C966B0-784E-43B5-8A3B-F01CCF8FDC41}.Release|Any CPU.ActiveCfg = Release|Any CPU
		{F5C966B0-784E-43B5-8A3B-F01CCF8FDC41}.Release|Any CPU.Build.0 = Release|Any CPU
	EndGlobalSection
	GlobalSection(SolutionProperties) = preSolution
		HideSolutionNode = FALSE
	EndGlobalSection
	GlobalSection(ExtensibilityGlobals) = postSolution
		SolutionGuid = {693B200E-1A0A-4644-85F3-FA97CBD6B956}
	EndGlobalSection
EndGlobal
